# This file is automatically @generated by Cargo.
# It is not intended for manual editing.
version = 4

[[package]]
name = "bitflags"
version = "2.9.1"
source = "registry+https://github.com/rust-lang/crates.io-index"
checksum = "1b8e56985ec62d17e9c1001dc89c88ecd7dc08e47eba5ec7c29c7b5eeecde967"

[[package]]
name = "bytemuck"
version = "1.23.0"
source = "registry+https://github.com/rust-lang/crates.io-index"
checksum = "9134a6ef01ce4b366b50689c94f82c14bc72bc5d0386829828a2e2752ef7958c"
dependencies = [
 "bytemuck_derive",
]

[[package]]
name = "bytemuck_derive"
version = "1.9.3"
source = "registry+https://github.com/rust-lang/crates.io-index"
checksum = "7ecc273b49b3205b83d648f0690daa588925572cc5063745bfe547fe7ec8e1a1"
dependencies = [
 "proc-macro2",
 "quote",
 "syn",
]

[[package]]
name = "core_maths"
version = "0.1.1"
source = "registry+https://github.com/rust-lang/crates.io-index"
checksum = "77745e017f5edba1a9c1d854f6f3a52dac8a12dd5af5d2f54aecf61e43d80d30"
dependencies = [
 "libm",
]

[[package]]
name = "font-types"
version = "0.9.0"
source = "registry+https://github.com/rust-lang/crates.io-index"
checksum = "02a596f5713680923a2080d86de50fe472fb290693cf0f701187a1c8b36996b7"
dependencies = [
 "bytemuck",
]

[[package]]
name = "harfbuzz_rust"
version = "0.0.0"
dependencies = [
 "harfruzz",
 "skrifa",
]

[[package]]
name = "harfruzz"
version = "0.1.0"
source = "git+https://github.com/harfbuzz/harfruzz#966d38a4b7b2f23b77a0ce4c356542e9395102e8"
dependencies = [
 "bitflags",
 "bytemuck",
 "core_maths",
 "log",
 "read-fonts",
 "smallvec",
 "ttf-parser",
]

[[package]]
name = "libm"
version = "0.2.15"
source = "registry+https://github.com/rust-lang/crates.io-index"
checksum = "f9fbbcab51052fe104eb5e5d351cf728d30a5be1fe14d9be8a3b097481fb97de"

[[package]]
name = "log"
version = "0.4.27"
source = "registry+https://github.com/rust-lang/crates.io-index"
checksum = "13dc2df351e3202783a1fe0d44375f7295ffb4049267b0f3018346dc122a1d94"

[[package]]
name = "proc-macro2"
version = "1.0.95"
source = "registry+https://github.com/rust-lang/crates.io-index"
checksum = "02b3e5e68a3a1a02aad3ec490a98007cbc13c37cbe84a3cd7b8e406d76e7f778"
dependencies = [
 "unicode-ident",
]

[[package]]
name = "quote"
version = "1.0.40"
source = "registry+https://github.com/rust-lang/crates.io-index"
checksum = "1885c039570dc00dcb4ff087a89e185fd56bae234ddc7f056a945bf36467248d"
dependencies = [
 "proc-macro2",
]

[[package]]
name = "read-fonts"
version = "0.29.1"
source = "registry+https://github.com/rust-lang/crates.io-index"
checksum = "4e85935612710191461ec9df47b4b5880dd6359d4fad3b2f2ed696215f6f3146"
dependencies = [
 "bytemuck",
 "core_maths",
 "font-types",
]

[[package]]
name = "skrifa"
version = "0.31.1"
source = "registry+https://github.com/rust-lang/crates.io-index"
checksum = "b9c3bb8cab5196b98d70c866ce1ea81ab516104d5b396f84ae80f8766b5d5b4e"
dependencies = [
 "bytemuck",
 "read-fonts",
]

[[package]]
name = "smallvec"
version = "1.15.0"
source = "registry+https://github.com/rust-lang/crates.io-index"
checksum = "8917285742e9f3e1683f0a9c4e6b57960b7314d0b08d30d1ecd426713ee2eee9"

[[package]]
name = "syn"
version = "2.0.101"
source = "registry+https://github.com/rust-lang/crates.io-index"
checksum = "8ce2b7fc941b3a24138a0a7cf8e858bfc6a992e7978a068a5c760deb0ed43caf"
dependencies = [
 "proc-macro2",
 "quote",
 "unicode-ident",
]

[[package]]
name = "ttf-parser"
version = "0.25.1"
source = "registry+https://github.com/rust-lang/crates.io-index"
checksum = "d2df906b07856748fa3f6e0ad0cbaa047052d4a7dd609e231c4f72cee8c36f31"
dependencies = [
 "core_maths",
]

[[package]]
name = "unicode-ident"
version = "1.0.18"
source = "registry+https://github.com/rust-lang/crates.io-index"
checksum = "5a5f39404a5da50712a4c1eecf25e90dd62b613502b7e925fd4e4d19b5c96512"
