# This file is automatically @generated by Cargo.
# It is not intended for manual editing.
version = 4

[[package]]
name = "bytemuck"
version = "1.22.0"
source = "registry+https://github.com/rust-lang/crates.io-index"
checksum = "b6b1fc10dbac614ebc03540c9dbd60e83887fda27794998c6528f1782047d540"
dependencies = [
 "bytemuck_derive",
]

[[package]]
name = "bytemuck_derive"
version = "1.8.1"
source = "registry+https://github.com/rust-lang/crates.io-index"
checksum = "3fa76293b4f7bb636ab88fd78228235b5248b4d05cc589aed610f954af5d7c7a"
dependencies = [
 "proc-macro2",
 "quote",
 "syn",
]

[[package]]
name = "font-types"
version = "0.8.3"
source = "registry+https://github.com/rust-lang/crates.io-index"
checksum = "d868ec188a98bb014c606072edd47e52e7ab7297db943b0b28503121e1d037bd"
dependencies = [
 "bytemuck",
]

[[package]]
name = "harfbuzz_fontations"
version = "0.0.0"
dependencies = [
 "read-fonts",
 "skrifa",
]

[[package]]
name = "proc-macro2"
version = "1.0.94"
source = "registry+https://github.com/rust-lang/crates.io-index"
checksum = "a31971752e70b8b2686d7e46ec17fb38dad4051d94024c88df49b667caea9c84"
dependencies = [
 "unicode-ident",
]

[[package]]
name = "quote"
version = "1.0.39"
source = "registry+https://github.com/rust-lang/crates.io-index"
checksum = "c1f1914ce909e1658d9907913b4b91947430c7d9be598b15a1912935b8c04801"
dependencies = [
 "proc-macro2",
]

[[package]]
name = "read-fonts"
version = "0.27.5"
source = "registry+https://github.com/rust-lang/crates.io-index"
checksum = "f14974c88fb4fd0a7203719f98020209248c9dbebaf9d10d860337797a905097"
dependencies = [
 "bytemuck",
 "font-types",
]

[[package]]
name = "skrifa"
version = "0.29.2"
source = "registry+https://github.com/rust-lang/crates.io-index"
checksum = "7c0ca53de9bb9bee1720c727606275148463cd938eb6bde249dcedeec4967747"
dependencies = [
 "bytemuck",
 "read-fonts",
]

[[package]]
name = "syn"
version = "2.0.99"
source = "registry+https://github.com/rust-lang/crates.io-index"
checksum = "e02e925281e18ffd9d640e234264753c43edc62d64b2d4cf898f1bc5e75f3fc2"
dependencies = [
 "proc-macro2",
 "quote",
 "unicode-ident",
]

[[package]]
name = "unicode-ident"
version = "1.0.18"
source = "registry+https://github.com/rust-lang/crates.io-index"
checksum = "5a5f39404a5da50712a4c1eecf25e90dd62b613502b7e925fd4e4d19b5c96512"
